
Microsoft Visual Studio Solution File, Format Version 12.00
# Visual Studio Version 17
VisualStudioVersion = 17.5.33424.131
MinimumVisualStudioVersion = 10.0.40219.1
Project("{FAE04EC0-301F-11D3-BF4B-00C04F79EFBC}") = "CountDownApplication", "CountDownApplication.csproj", "{107C0EC1-9BE9-4BF7-9524-4D16117EA040}"
EndProject
Global
	GlobalSection(SolutionConfigurationPlatforms) = preSolution
		Debug|Any CPU = Debug|Any CPU
		Release|Any CPU = Release|Any CPU
	EndGlobalSection
	GlobalSection(ProjectConfigurationPlatforms) = postSolution
		{107C0EC1-9BE9-4BF7-9524-4D16117EA040}.Debug|Any CPU.ActiveCfg = Debug|Any CPU
		{107C0EC1-9BE9-4BF7-9524-4D16117EA040}.Debug|Any CPU.Build.0 = Debug|Any CPU
		{107C0EC1-9BE9-4BF7-9524-4D16117EA040}.Release|Any CPU.ActiveCfg = Release|Any CPU
		{107C0EC1-9BE9-4BF7-9524-4D16117EA040}.Release|Any CPU.Build.0 = Release|Any CPU
	EndGlobalSection
	GlobalSection(SolutionProperties) = preSolution
		HideSolutionNode = FALSE
	EndGlobalSection
	GlobalSection(ExtensibilityGlobals) = postSolution
		SolutionGuid = {E0EA4E26-466F-4A9C-9026-91BE41CD2FD0}
	EndGlobalSection
EndGlobal
